{
  "version": 4,
  "terraform_version": "0.13.0",
  "serial": 23,
  "lineage": "bf51c28e-466e-c70f-2f7a-c0c56270cf0d",
  "outputs": {
    "Bastion-Host-public-ip": {
      "value": "13.127.213.59",
      "type": "string"
    }
  },
  "resources": [
    {
      "mode": "managed",
      "type": "aws_eip",
      "name": "task_ip",
      "provider": "provider[\"registry.terraform.io/hashicorp/aws\"]",
      "instances": [
        {
          "schema_version": 0,
          "attributes": {
            "allocation_id": null,
            "associate_with_private_ip": null,
            "association_id": "eipassoc-0cc2eb634c9a69bca",
            "customer_owned_ip": "",
            "customer_owned_ipv4_pool": "",
            "domain": "vpc",
            "id": "eipalloc-049344a4728c075c5",
            "instance": "",
            "network_interface": "eni-02e6bf11fc1105e6f",
            "private_dns": "ip-192-168-3-202.ap-south-1.compute.internal",
            "private_ip": "192.168.3.202",
            "public_dns": "ec2-15-207-187-146.ap-south-1.compute.amazonaws.com",
            "public_ip": "15.207.187.146",
            "public_ipv4_pool": "amazon",
            "tags": {},
            "timeouts": null,
            "vpc": true
          },
          "private": "eyJlMmJmYjczMC1lY2FhLTExZTYtOGY4OC0zNDM2M2JjN2M0YzAiOnsiZGVsZXRlIjoxODAwMDAwMDAwMDAsInJlYWQiOjkwMDAwMDAwMDAwMCwidXBkYXRlIjozMDAwMDAwMDAwMDB9fQ==",
          "dependencies": [
            "aws_internet_gateway.task_ig",
            "aws_vpc.task_vpc"
          ]
        }
      ]
    },
    {
      "mode": "managed",
      "type": "aws_instance",
      "name": "Bastion_Host",
      "provider": "provider[\"registry.terraform.io/hashicorp/aws\"]",
      "instances": [
        {
          "schema_version": 1,
          "attributes": {
            "ami": "ami-0732b62d310b80e97",
            "arn": "arn:aws:ec2:ap-south-1:130210155743:instance/i-025cb4eb52cabbd67",
            "associate_public_ip_address": true,
            "availability_zone": "ap-south-1a",
            "cpu_core_count": 1,
            "cpu_threads_per_core": 1,
            "credit_specification": [
              {
                "cpu_credits": "standard"
              }
            ],
            "disable_api_termination": false,
            "ebs_block_device": [],
            "ebs_optimized": false,
            "ephemeral_block_device": [],
            "get_password_data": false,
            "hibernation": false,
            "host_id": null,
            "iam_instance_profile": "",
            "id": "i-025cb4eb52cabbd67",
            "instance_initiated_shutdown_behavior": null,
            "instance_state": "running",
            "instance_type": "t2.micro",
            "ipv6_address_count": 0,
            "ipv6_addresses": [],
            "key_name": "task_key",
            "metadata_options": [
              {
                "http_endpoint": "enabled",
                "http_put_response_hop_limit": 1,
                "http_tokens": "optional"
              }
            ],
            "monitoring": false,
            "network_interface": [],
            "network_interface_id": null,
            "outpost_arn": "",
            "password_data": "",
            "placement_group": "",
            "primary_network_interface_id": "eni-0f0a9d430f00fe016",
            "private_dns": "ip-192-168-3-212.ap-south-1.compute.internal",
            "private_ip": "192.168.3.212",
            "public_dns": "",
            "public_ip": "13.127.213.59",
            "root_block_device": [
              {
                "delete_on_termination": true,
                "device_name": "/dev/xvda",
                "encrypted": false,
                "iops": 100,
                "kms_key_id": "",
                "volume_id": "vol-0290ba983a27ff82d",
                "volume_size": 8,
                "volume_type": "gp2"
              }
            ],
            "security_groups": [
              "sg-08c782b8f00bd2d92"
            ],
            "source_dest_check": true,
            "subnet_id": "subnet-0f837ada93e966cdf",
            "tags": {
              "Name": "Bastion-Host"
            },
            "tenancy": "default",
            "timeouts": null,
            "user_data": null,
            "user_data_base64": null,
            "volume_tags": {},
            "vpc_security_group_ids": [
              "sg-08c782b8f00bd2d92"
            ]
          },
          "private": "eyJlMmJmYjczMC1lY2FhLTExZTYtOGY4OC0zNDM2M2JjN2M0YzAiOnsiY3JlYXRlIjo2MDAwMDAwMDAwMDAsImRlbGV0ZSI6MTIwMDAwMDAwMDAwMCwidXBkYXRlIjo2MDAwMDAwMDAwMDB9LCJzY2hlbWFfdmVyc2lvbiI6IjEifQ==",
          "dependencies": [
            "aws_security_group.Bastion_Host_SG",
            "aws_subnet.public_subnet"
          ]
        }
      ]
    },
    {
      "mode": "managed",
      "type": "aws_instance",
      "name": "MySQL",
      "provider": "provider[\"registry.terraform.io/hashicorp/aws\"]",
      "instances": [
        {
          "schema_version": 1,
          "attributes": {
            "ami": "ami-04ca6b22ca88bdbea",
            "arn": "arn:aws:ec2:ap-south-1:130210155743:instance/i-0076cca18c4001866",
            "associate_public_ip_address": false,
            "availability_zone": "ap-south-1b",
            "cpu_core_count": 1,
            "cpu_threads_per_core": 1,
            "credit_specification": [
              {
                "cpu_credits": "standard"
              }
            ],
            "disable_api_termination": false,
            "ebs_block_device": [],
            "ebs_optimized": false,
            "ephemeral_block_device": [],
            "get_password_data": false,
            "hibernation": false,
            "host_id": null,
            "iam_instance_profile": "",
            "id": "i-0076cca18c4001866",
            "instance_initiated_shutdown_behavior": null,
            "instance_state": "running",
            "instance_type": "t2.micro",
            "ipv6_address_count": 0,
            "ipv6_addresses": [],
            "key_name": "task_key",
            "metadata_options": [
              {
                "http_endpoint": "enabled",
                "http_put_response_hop_limit": 1,
                "http_tokens": "optional"
              }
            ],
            "monitoring": false,
            "network_interface": [],
            "network_interface_id": null,
            "outpost_arn": "",
            "password_data": "",
            "placement_group": "",
            "primary_network_interface_id": "eni-06bbab5f949b3aeb2",
            "private_dns": "ip-192-168-2-64.ap-south-1.compute.internal",
            "private_ip": "192.168.2.64",
            "public_dns": "",
            "public_ip": "",
            "root_block_device": [
              {
                "delete_on_termination": true,
                "device_name": "/dev/sda1",
                "encrypted": false,
                "iops": 100,
                "kms_key_id": "",
                "volume_id": "vol-0e0e0cdaf69539fb0",
                "volume_size": 8,
                "volume_type": "gp2"
              }
            ],
            "security_groups": [],
            "source_dest_check": true,
            "subnet_id": "subnet-079dead1c31261be7",
            "tags": {
              "Name": "MySQL-OS"
            },
            "tenancy": "default",
            "timeouts": null,
            "user_data": "5050ffbe8170fcb34f7732bdb9804d17871593bf",
            "user_data_base64": null,
            "volume_tags": {},
            "vpc_security_group_ids": [
              "sg-01bc04bba67cc254c"
            ]
          },
          "private": "eyJlMmJmYjczMC1lY2FhLTExZTYtOGY4OC0zNDM2M2JjN2M0YzAiOnsiY3JlYXRlIjo2MDAwMDAwMDAwMDAsImRlbGV0ZSI6MTIwMDAwMDAwMDAwMCwidXBkYXRlIjo2MDAwMDAwMDAwMDB9LCJzY2hlbWFfdmVyc2lvbiI6IjEifQ==",
          "dependencies": [
            "aws_security_group.MySQL_SG",
            "aws_subnet.private_subnet",
            "tls_private_key.task_key"
          ]
        }
      ]
    },
    {
      "mode": "managed",
      "type": "aws_instance",
      "name": "WordPress",
      "provider": "provider[\"registry.terraform.io/hashicorp/aws\"]",
      "instances": [
        {
          "schema_version": 1,
          "attributes": {
            "ami": "ami-04ca6b22ca88bdbea",
            "arn": "arn:aws:ec2:ap-south-1:130210155743:instance/i-001b00e5137af0fa7",
            "associate_public_ip_address": true,
            "availability_zone": "ap-south-1a",
            "cpu_core_count": 1,
            "cpu_threads_per_core": 1,
            "credit_specification": [
              {
                "cpu_credits": "standard"
              }
            ],
            "disable_api_termination": false,
            "ebs_block_device": [],
            "ebs_optimized": false,
            "ephemeral_block_device": [],
            "get_password_data": false,
            "hibernation": false,
            "host_id": null,
            "iam_instance_profile": "",
            "id": "i-001b00e5137af0fa7",
            "instance_initiated_shutdown_behavior": null,
            "instance_state": "running",
            "instance_type": "t2.micro",
            "ipv6_address_count": 0,
            "ipv6_addresses": [],
            "key_name": "task_key",
            "metadata_options": [
              {
                "http_endpoint": "enabled",
                "http_put_response_hop_limit": 1,
                "http_tokens": "optional"
              }
            ],
            "monitoring": false,
            "network_interface": [],
            "network_interface_id": null,
            "outpost_arn": "",
            "password_data": "",
            "placement_group": "",
            "primary_network_interface_id": "eni-099a1127956693505",
            "private_dns": "ip-192-168-3-166.ap-south-1.compute.internal",
            "private_ip": "192.168.3.166",
            "public_dns": "",
            "public_ip": "13.232.197.89",
            "root_block_device": [
              {
                "delete_on_termination": true,
                "device_name": "/dev/sda1",
                "encrypted": false,
                "iops": 100,
                "kms_key_id": "",
                "volume_id": "vol-061b68c73dc76ae57",
                "volume_size": 8,
                "volume_type": "gp2"
              }
            ],
            "security_groups": [],
            "source_dest_check": true,
            "subnet_id": "subnet-0f837ada93e966cdf",
            "tags": {
              "Name": "WordPress-OS"
            },
            "tenancy": "default",
            "timeouts": null,
            "user_data": "d8e841427225636c332bab56347ec4fef62ad309",
            "user_data_base64": null,
            "volume_tags": {},
            "vpc_security_group_ids": [
              "sg-0205f9f3cfe985d0b"
            ]
          },
          "private": "eyJlMmJmYjczMC1lY2FhLTExZTYtOGY4OC0zNDM2M2JjN2M0YzAiOnsiY3JlYXRlIjo2MDAwMDAwMDAwMDAsImRlbGV0ZSI6MTIwMDAwMDAwMDAwMCwidXBkYXRlIjo2MDAwMDAwMDAwMDB9LCJzY2hlbWFfdmVyc2lvbiI6IjEifQ==",
          "dependencies": [
            "aws_security_group.Bastion_Host_SG",
            "aws_security_group.WP_SG",
            "aws_subnet.public_subnet",
            "aws_vpc.task_vpc",
            "tls_private_key.task_key"
          ]
        }
      ]
    },
    {
      "mode": "managed",
      "type": "aws_internet_gateway",
      "name": "task_ig",
      "provider": "provider[\"registry.terraform.io/hashicorp/aws\"]",
      "instances": [
        {
          "schema_version": 0,
          "attributes": {
            "arn": "arn:aws:ec2:ap-south-1:130210155743:internet-gateway/igw-0f61c8a0775451d43",
            "id": "igw-0f61c8a0775451d43",
            "owner_id": "130210155743",
            "tags": {
              "Name": "task_ig"
            },
            "vpc_id": "vpc-0ab07d2a8ec73416d"
          },
          "private": "bnVsbA==",
          "dependencies": [
            "aws_vpc.task_vpc"
          ]
        }
      ]
    },
    {
      "mode": "managed",
      "type": "aws_key_pair",
      "name": "public_key",
      "provider": "provider[\"registry.terraform.io/hashicorp/aws\"]",
      "instances": [
        {
          "schema_version": 1,
          "attributes": {
            "arn": "arn:aws:ec2:ap-south-1:130210155743:key-pair/task_key",
            "fingerprint": "ec:36:ab:bd:7b:fa:e6:df:f0:69:1a:1b:11:70:20:ff",
            "id": "task_key",
            "key_name": "task_key",
            "key_name_prefix": null,
            "key_pair_id": "key-023b40320ee9743d5",
            "public_key": "ssh-rsa AAAAB3NzaC1yc2EAAAADAQABAAABAQDQlO0dpFMvUuNC9OzPF8w7yiJ1amcG8tisjLQO/94BudjaQZyYWuh4DJfq360FB46tnfemdApADDlJcIuSYfG4WtCpKbx2mb5Xtqo4TXl/b+hnVwOjONAB+NgoF5/zckFTtSn9y2lEG2LCg3066bdjLHmUkX75+MR3CxSB6A7CB8Nojeu9QJ9UKb8F2oNDJ/CnD/vQUzHr0pJU6t4IP7iWU/NXcdoQa61BKjXNZ5eTanwvYqtYzIl7MIvIl7WiWXnrxFkj0/TrT4CUSNimCAvTiUgjuFPwYXQ4iC7CPmmV5il+YguHWuYbGXP3Wjp23L5aSnSwqIhAetA80SUTgJDl",
            "tags": {}
          },
          "private": "eyJzY2hlbWFfdmVyc2lvbiI6IjEifQ==",
          "dependencies": [
            "local_file.save_key",
            "tls_private_key.task_key"
          ]
        }
      ]
    },
    {
      "mode": "managed",
      "type": "aws_nat_gateway",
      "name": "task_nat",
      "provider": "provider[\"registry.terraform.io/hashicorp/aws\"]",
      "instances": [
        {
          "schema_version": 0,
          "attributes": {
            "allocation_id": "eipalloc-049344a4728c075c5",
            "id": "nat-02219a0135353d8a7",
            "network_interface_id": "eni-02e6bf11fc1105e6f",
            "private_ip": "192.168.3.202",
            "public_ip": "15.207.187.146",
            "subnet_id": "subnet-0f837ada93e966cdf",
            "tags": {
              "Name": "task NAT"
            }
          },
          "private": "bnVsbA==",
          "dependencies": [
            "aws_eip.task_ip",
            "aws_internet_gateway.task_ig",
            "aws_subnet.public_subnet",
            "aws_vpc.task_vpc"
          ]
        }
      ]
    },
    {
      "mode": "managed",
      "type": "aws_route_table",
      "name": "nat_route",
      "provider": "provider[\"registry.terraform.io/hashicorp/aws\"]",
      "instances": [
        {
          "schema_version": 0,
          "attributes": {
            "id": "rtb-0813f5608d17a208b",
            "owner_id": "130210155743",
            "propagating_vgws": [],
            "route": [
              {
                "cidr_block": "0.0.0.0/0",
                "egress_only_gateway_id": "",
                "gateway_id": "",
                "instance_id": "",
                "ipv6_cidr_block": "",
                "nat_gateway_id": "nat-02219a0135353d8a7",
                "network_interface_id": "",
                "transit_gateway_id": "",
                "vpc_peering_connection_id": ""
              }
            ],
            "tags": {
              "Name": "NAT_RouteTable"
            },
            "vpc_id": "vpc-0ab07d2a8ec73416d"
          },
          "private": "bnVsbA==",
          "dependencies": [
            "aws_eip.task_ip",
            "aws_internet_gateway.task_ig",
            "aws_nat_gateway.task_nat",
            "aws_subnet.public_subnet",
            "aws_vpc.task_vpc"
          ]
        }
      ]
    },
    {
      "mode": "managed",
      "type": "aws_route_table",
      "name": "router",
      "provider": "provider[\"registry.terraform.io/hashicorp/aws\"]",
      "instances": [
        {
          "schema_version": 0,
          "attributes": {
            "id": "rtb-0e05a92c45982e90e",
            "owner_id": "130210155743",
            "propagating_vgws": [],
            "route": [
              {
                "cidr_block": "0.0.0.0/0",
                "egress_only_gateway_id": "",
                "gateway_id": "igw-0f61c8a0775451d43",
                "instance_id": "",
                "ipv6_cidr_block": "",
                "nat_gateway_id": "",
                "network_interface_id": "",
                "transit_gateway_id": "",
                "vpc_peering_connection_id": ""
              }
            ],
            "tags": {
              "Name": "router_task"
            },
            "vpc_id": "vpc-0ab07d2a8ec73416d"
          },
          "private": "bnVsbA==",
          "dependencies": [
            "aws_internet_gateway.task_ig",
            "aws_vpc.task_vpc"
          ]
        }
      ]
    },
    {
      "mode": "managed",
      "type": "aws_route_table_association",
      "name": "NAT_assocation",
      "provider": "provider[\"registry.terraform.io/hashicorp/aws\"]",
      "instances": [
        {
          "schema_version": 0,
          "attributes": {
            "gateway_id": null,
            "id": "rtbassoc-0215ca0a9042d9c12",
            "route_table_id": "rtb-0813f5608d17a208b",
            "subnet_id": "subnet-079dead1c31261be7"
          },
          "private": "bnVsbA==",
          "dependencies": [
            "aws_eip.task_ip",
            "aws_internet_gateway.task_ig",
            "aws_nat_gateway.task_nat",
            "aws_route_table.nat_route",
            "aws_subnet.private_subnet",
            "aws_subnet.public_subnet",
            "aws_vpc.task_vpc"
          ]
        }
      ]
    },
    {
      "mode": "managed",
      "type": "aws_route_table_association",
      "name": "router-association",
      "provider": "provider[\"registry.terraform.io/hashicorp/aws\"]",
      "instances": [
        {
          "schema_version": 0,
          "attributes": {
            "gateway_id": null,
            "id": "rtbassoc-08bed11020d0d2e19",
            "route_table_id": "rtb-0e05a92c45982e90e",
            "subnet_id": "subnet-0f837ada93e966cdf"
          },
          "private": "bnVsbA==",
          "dependencies": [
            "aws_internet_gateway.task_ig",
            "aws_route_table.router",
            "aws_subnet.public_subnet",
            "aws_vpc.task_vpc"
          ]
        }
      ]
    },
    {
      "mode": "managed",
      "type": "aws_security_group",
      "name": "Bastion_Host_SG",
      "provider": "provider[\"registry.terraform.io/hashicorp/aws\"]",
      "instances": [
        {
          "schema_version": 1,
          "attributes": {
            "arn": "arn:aws:ec2:ap-south-1:130210155743:security-group/sg-08c782b8f00bd2d92",
            "description": "SSH For Bastion Host",
            "egress": [
              {
                "cidr_blocks": [
                  "0.0.0.0/0"
                ],
                "description": "",
                "from_port": 0,
                "ipv6_cidr_blocks": [],
                "prefix_list_ids": [],
                "protocol": "-1",
                "security_groups": [],
                "self": false,
                "to_port": 0
              }
            ],
            "id": "sg-08c782b8f00bd2d92",
            "ingress": [
              {
                "cidr_blocks": [
                  "0.0.0.0/0"
                ],
                "description": "SSH",
                "from_port": 22,
                "ipv6_cidr_blocks": [],
                "prefix_list_ids": [],
                "protocol": "tcp",
                "security_groups": [],
                "self": false,
                "to_port": 22
              }
            ],
            "name": "Bastion-Host-SG",
            "name_prefix": null,
            "owner_id": "130210155743",
            "revoke_rules_on_delete": false,
            "tags": {
              "Name": "Bastion-Host-SG"
            },
            "timeouts": null,
            "vpc_id": "vpc-0ab07d2a8ec73416d"
          },
          "private": "eyJlMmJmYjczMC1lY2FhLTExZTYtOGY4OC0zNDM2M2JjN2M0YzAiOnsiY3JlYXRlIjo2MDAwMDAwMDAwMDAsImRlbGV0ZSI6NjAwMDAwMDAwMDAwfSwic2NoZW1hX3ZlcnNpb24iOiIxIn0=",
          "dependencies": [
            "aws_vpc.task_vpc"
          ]
        }
      ]
    },
    {
      "mode": "managed",
      "type": "aws_security_group",
      "name": "MySQL_SG",
      "provider": "provider[\"registry.terraform.io/hashicorp/aws\"]",
      "instances": [
        {
          "schema_version": 1,
          "attributes": {
            "arn": "arn:aws:ec2:ap-south-1:130210155743:security-group/sg-01bc04bba67cc254c",
            "description": "Allow TLS inbound traffic",
            "egress": [
              {
                "cidr_blocks": [
                  "0.0.0.0/0"
                ],
                "description": "",
                "from_port": 0,
                "ipv6_cidr_blocks": [],
                "prefix_list_ids": [],
                "protocol": "-1",
                "security_groups": [],
                "self": false,
                "to_port": 0
              }
            ],
            "id": "sg-01bc04bba67cc254c",
            "ingress": [
              {
                "cidr_blocks": [
                  "0.0.0.0/0"
                ],
                "description": "MySQL redirection",
                "from_port": 8080,
                "ipv6_cidr_blocks": [],
                "prefix_list_ids": [],
                "protocol": "tcp",
                "security_groups": [],
                "self": false,
                "to_port": 8080
              },
              {
                "cidr_blocks": [
                  "0.0.0.0/0"
                ],
                "description": "MySQL",
                "from_port": 3306,
                "ipv6_cidr_blocks": [],
                "prefix_list_ids": [],
                "protocol": "tcp",
                "security_groups": [],
                "self": false,
                "to_port": 3306
              },
              {
                "cidr_blocks": [
                  "0.0.0.0/0"
                ],
                "description": "SSH",
                "from_port": 22,
                "ipv6_cidr_blocks": [],
                "prefix_list_ids": [],
                "protocol": "tcp",
                "security_groups": [
                  "sg-08c782b8f00bd2d92"
                ],
                "self": false,
                "to_port": 22
              }
            ],
            "name": "SG_MySQL",
            "name_prefix": null,
            "owner_id": "130210155743",
            "revoke_rules_on_delete": false,
            "tags": {
              "Name": "MySQL_SG"
            },
            "timeouts": null,
            "vpc_id": "vpc-0ab07d2a8ec73416d"
          },
          "private": "eyJlMmJmYjczMC1lY2FhLTExZTYtOGY4OC0zNDM2M2JjN2M0YzAiOnsiY3JlYXRlIjo2MDAwMDAwMDAwMDAsImRlbGV0ZSI6NjAwMDAwMDAwMDAwfSwic2NoZW1hX3ZlcnNpb24iOiIxIn0=",
          "dependencies": [
            "aws_security_group.Bastion_Host_SG",
            "aws_vpc.task_vpc"
          ]
        }
      ]
    },
    {
      "mode": "managed",
      "type": "aws_security_group",
      "name": "WP_SG",
      "provider": "provider[\"registry.terraform.io/hashicorp/aws\"]",
      "instances": [
        {
          "schema_version": 1,
          "attributes": {
            "arn": "arn:aws:ec2:ap-south-1:130210155743:security-group/sg-0205f9f3cfe985d0b",
            "description": "Allow TLS inbound traffic",
            "egress": [
              {
                "cidr_blocks": [
                  "0.0.0.0/0"
                ],
                "description": "",
                "from_port": 0,
                "ipv6_cidr_blocks": [],
                "prefix_list_ids": [],
                "protocol": "-1",
                "security_groups": [],
                "self": false,
                "to_port": 0
              }
            ],
            "id": "sg-0205f9f3cfe985d0b",
            "ingress": [
              {
                "cidr_blocks": [
                  "0.0.0.0/0"
                ],
                "description": "Http port",
                "from_port": 80,
                "ipv6_cidr_blocks": [],
                "prefix_list_ids": [],
                "protocol": "tcp",
                "security_groups": [],
                "self": false,
                "to_port": 80
              },
              {
                "cidr_blocks": [
                  "0.0.0.0/0"
                ],
                "description": "Http redirection",
                "from_port": 8000,
                "ipv6_cidr_blocks": [],
                "prefix_list_ids": [],
                "protocol": "tcp",
                "security_groups": [],
                "self": false,
                "to_port": 8000
              },
              {
                "cidr_blocks": [
                  "0.0.0.0/0"
                ],
                "description": "SSH",
                "from_port": 22,
                "ipv6_cidr_blocks": [],
                "prefix_list_ids": [],
                "protocol": "tcp",
                "security_groups": [
                  "sg-08c782b8f00bd2d92"
                ],
                "self": false,
                "to_port": 22
              }
            ],
            "name": "WordPress_SG",
            "name_prefix": null,
            "owner_id": "130210155743",
            "revoke_rules_on_delete": false,
            "tags": {
              "Name": "WordPress_SG"
            },
            "timeouts": null,
            "vpc_id": "vpc-0ab07d2a8ec73416d"
          },
          "private": "eyJlMmJmYjczMC1lY2FhLTExZTYtOGY4OC0zNDM2M2JjN2M0YzAiOnsiY3JlYXRlIjo2MDAwMDAwMDAwMDAsImRlbGV0ZSI6NjAwMDAwMDAwMDAwfSwic2NoZW1hX3ZlcnNpb24iOiIxIn0=",
          "dependencies": [
            "aws_security_group.Bastion_Host_SG",
            "aws_vpc.task_vpc"
          ]
        }
      ]
    },
    {
      "mode": "managed",
      "type": "aws_subnet",
      "name": "private_subnet",
      "provider": "provider[\"registry.terraform.io/hashicorp/aws\"]",
      "instances": [
        {
          "schema_version": 1,
          "attributes": {
            "arn": "arn:aws:ec2:ap-south-1:130210155743:subnet/subnet-079dead1c31261be7",
            "assign_ipv6_address_on_creation": false,
            "availability_zone": "ap-south-1b",
            "availability_zone_id": "aps1-az3",
            "cidr_block": "192.168.2.0/24",
            "id": "subnet-079dead1c31261be7",
            "ipv6_cidr_block": "",
            "ipv6_cidr_block_association_id": "",
            "map_public_ip_on_launch": false,
            "outpost_arn": "",
            "owner_id": "130210155743",
            "tags": {
              "Name": "private_subnet"
            },
            "timeouts": null,
            "vpc_id": "vpc-0ab07d2a8ec73416d"
          },
          "private": "eyJlMmJmYjczMC1lY2FhLTExZTYtOGY4OC0zNDM2M2JjN2M0YzAiOnsiY3JlYXRlIjo2MDAwMDAwMDAwMDAsImRlbGV0ZSI6MTIwMDAwMDAwMDAwMH0sInNjaGVtYV92ZXJzaW9uIjoiMSJ9",
          "dependencies": [
            "aws_vpc.task_vpc"
          ]
        }
      ]
    },
    {
      "mode": "managed",
      "type": "aws_subnet",
      "name": "public_subnet",
      "provider": "provider[\"registry.terraform.io/hashicorp/aws\"]",
      "instances": [
        {
          "schema_version": 1,
          "attributes": {
            "arn": "arn:aws:ec2:ap-south-1:130210155743:subnet/subnet-0f837ada93e966cdf",
            "assign_ipv6_address_on_creation": false,
            "availability_zone": "ap-south-1a",
            "availability_zone_id": "aps1-az1",
            "cidr_block": "192.168.3.0/24",
            "id": "subnet-0f837ada93e966cdf",
            "ipv6_cidr_block": "",
            "ipv6_cidr_block_association_id": "",
            "map_public_ip_on_launch": false,
            "outpost_arn": "",
            "owner_id": "130210155743",
            "tags": {
              "Name": "public_subnet"
            },
            "timeouts": null,
            "vpc_id": "vpc-0ab07d2a8ec73416d"
          },
          "private": "eyJlMmJmYjczMC1lY2FhLTExZTYtOGY4OC0zNDM2M2JjN2M0YzAiOnsiY3JlYXRlIjo2MDAwMDAwMDAwMDAsImRlbGV0ZSI6MTIwMDAwMDAwMDAwMH0sInNjaGVtYV92ZXJzaW9uIjoiMSJ9",
          "dependencies": [
            "aws_vpc.task_vpc"
          ]
        }
      ]
    },
    {
      "mode": "managed",
      "type": "aws_vpc",
      "name": "task_vpc",
      "provider": "provider[\"registry.terraform.io/hashicorp/aws\"]",
      "instances": [
        {
          "schema_version": 1,
          "attributes": {
            "arn": "arn:aws:ec2:ap-south-1:130210155743:vpc/vpc-0ab07d2a8ec73416d",
            "assign_generated_ipv6_cidr_block": false,
            "cidr_block": "192.168.0.0/16",
            "default_network_acl_id": "acl-0227e8330c7970596",
            "default_route_table_id": "rtb-0cc658f223fdb3d97",
            "default_security_group_id": "sg-0f3f3da44b1138951",
            "dhcp_options_id": "dopt-9d7c86f6",
            "enable_classiclink": null,
            "enable_classiclink_dns_support": null,
            "enable_dns_hostnames": false,
            "enable_dns_support": true,
            "id": "vpc-0ab07d2a8ec73416d",
            "instance_tenancy": "default",
            "ipv6_association_id": "",
            "ipv6_cidr_block": "",
            "main_route_table_id": "rtb-0cc658f223fdb3d97",
            "owner_id": "130210155743",
            "tags": {
              "Name": "Task-4"
            }
          },
          "private": "eyJzY2hlbWFfdmVyc2lvbiI6IjEifQ=="
        }
      ]
    },
    {
      "mode": "managed",
      "type": "local_file",
      "name": "save_key",
      "provider": "provider[\"registry.terraform.io/hashicorp/local\"]",
      "instances": [
        {
          "schema_version": 0,
          "attributes": {
            "content": "-----BEGIN RSA PRIVATE KEY-----\nMIIEpQIBAAKCAQEA0JTtHaRTL1LjQvTszxfMO8oidWpnBvLYrIy0Dv/eAbnY2kGc\nmFroeAyX6t+tBQeOrZ33pnQKQAw5SXCLkmHxuFrQqSm8dpm+V7aqOE15f2/oZ1cD\nozjQAfjYKBef83JBU7Up/ctpRBtiwoN9Oum3Yyx5lJF++fjEdwsUgegOwgfDaI3r\nvUCfVCm/BdqDQyfwpw/70FMx69KSVOreCD+4llPzV3HaEGutQSo1zWeXk2p8L2Kr\nWMyJezCLyJe1oll568RZI9P060+AlEjYpggL04lII7hT8GF0OIguwj5pleYpfmIL\nh1rmGxlz91o6dty+Wkp0sKiIQHrQPNElE4CQ5QIDAQABAoIBAQCmylAJ4fs63nco\ndZ5fw9HnBa4kYh9cqRimciUR0Xz/uFM1xD2qfxdh2AArKw259d8b6jO8gRIpQR0W\nIs8ZEQUvvD8a5mr0E+DnVwQq3ZkIVL5s1GHuRWHgEdMXzDx1eanPfBDGB8B3W8bP\ncEHVuEqTHV9jdC0rSsgfwVZ2ws/6SrU28eOaVq9hLl9zoP7SXzyhKDOM0wNo7PIt\nRNPSP4MKSY8Z0wDzuemEXkKhyO7YJ8wpepfCC8v4aGmJOz3kW5Il0wLx1Ut+aAx6\nRc9IJ00dq9zbxpdoiFnO95tCdKlqV2WZlVt0MK1wfgvnfJYd7YQNQPsrW7UXcktp\nAzf80/qBAoGBAO4XjUnjRdmTNYu8IBSANvS0Q9zHp5P7cdc9l38d5AiofusTN+vk\n1Qa4RCXB/xVVFwdBr/JQ4Rj/RpfhoS1bFnC6BKDBzsEMYfHYsUK+JmHV8QtUsdIh\nyohYFMuAdyGaPCCBk8mDM1QW5p01uCsJodvLJjdk5NYGKz+VFvJpUIuxAoGBAOBF\nJ+8Kydiouc//LBLZf+wcCqydJnFR/KcSVA8hIZ5aoGUr1xWyE4rieFATevOCk0Ci\nR+IXMTI6ujeoc5nMNoIq+QRM6o2+zo2tEpwon6SNxhC/knlov+KCwrBNRyjhcpnj\ntkSMgJXjqtwfUGBUGAu0wqLmptf0EYMtF8JUn4l1AoGBAKdM72ADDlsDgPWufJBL\nQ9KRNLpXpN5sKiNHyUNuWoTm+T/vojTk9/ef1Wr+tWJlByh3NM49nN52ykEBL8Ny\nJQOTApt/c+vc6poJXQ18FfZbYeRHYCg6zFkgI4SXwZ5gBW4F/zXzNkcZTHUdgUrk\nmtKaHkGAaPgnH46vEY/HBu0RAoGBANwLPolN/omz0sx/w5CjEt5pDRgcANIC7XBH\njW5ixYeHyAQ8JYbF+GK2nfGDi4lNPomWMA1nT//Gm1tszi/CrGC/JSDRDvoQkr1z\naOUK/sgHyqQ4MtEos8zdG4S77evwd+8B+536dVebz9K2brh1CjrCGo6W3HDaqiwY\nnE0xlm7ZAoGAKcAyPbJvSgvmjf2IcP3yq+MWAa/xbjtJMAI5r++cu5aVERkI9Xmk\n+kdDhIsSN+3c3B+F+WCFConNcddvCiMaZrnDy2yCjDOwlP9AafisssrqhL/ps7Y0\nftViPNq5+Zr6vvMAeGYuwUMhGoWbHkMbvypQ7AyB7QVsykoJK1ALaNg=\n-----END RSA PRIVATE KEY-----\n",
            "content_base64": null,
            "directory_permission": "0777",
            "file_permission": "0777",
            "filename": "task_key.pem",
            "id": "40460925d699929b8794cc9a8bea7050d6f932e6",
            "sensitive_content": null
          },
          "private": "bnVsbA==",
          "dependencies": [
            "tls_private_key.task_key"
          ]
        }
      ]
    },
    {
      "mode": "managed",
      "type": "tls_private_key",
      "name": "task_key",
      "provider": "provider[\"registry.terraform.io/hashicorp/tls\"]",
      "instances": [
        {
          "schema_version": 0,
          "attributes": {
            "algorithm": "RSA",
            "ecdsa_curve": "P224",
            "id": "b0065f9f74126e17659a378546b3fa0fc143778e",
            "private_key_pem": "-----BEGIN RSA PRIVATE KEY-----\nMIIEpQIBAAKCAQEA0JTtHaRTL1LjQvTszxfMO8oidWpnBvLYrIy0Dv/eAbnY2kGc\nmFroeAyX6t+tBQeOrZ33pnQKQAw5SXCLkmHxuFrQqSm8dpm+V7aqOE15f2/oZ1cD\nozjQAfjYKBef83JBU7Up/ctpRBtiwoN9Oum3Yyx5lJF++fjEdwsUgegOwgfDaI3r\nvUCfVCm/BdqDQyfwpw/70FMx69KSVOreCD+4llPzV3HaEGutQSo1zWeXk2p8L2Kr\nWMyJezCLyJe1oll568RZI9P060+AlEjYpggL04lII7hT8GF0OIguwj5pleYpfmIL\nh1rmGxlz91o6dty+Wkp0sKiIQHrQPNElE4CQ5QIDAQABAoIBAQCmylAJ4fs63nco\ndZ5fw9HnBa4kYh9cqRimciUR0Xz/uFM1xD2qfxdh2AArKw259d8b6jO8gRIpQR0W\nIs8ZEQUvvD8a5mr0E+DnVwQq3ZkIVL5s1GHuRWHgEdMXzDx1eanPfBDGB8B3W8bP\ncEHVuEqTHV9jdC0rSsgfwVZ2ws/6SrU28eOaVq9hLl9zoP7SXzyhKDOM0wNo7PIt\nRNPSP4MKSY8Z0wDzuemEXkKhyO7YJ8wpepfCC8v4aGmJOz3kW5Il0wLx1Ut+aAx6\nRc9IJ00dq9zbxpdoiFnO95tCdKlqV2WZlVt0MK1wfgvnfJYd7YQNQPsrW7UXcktp\nAzf80/qBAoGBAO4XjUnjRdmTNYu8IBSANvS0Q9zHp5P7cdc9l38d5AiofusTN+vk\n1Qa4RCXB/xVVFwdBr/JQ4Rj/RpfhoS1bFnC6BKDBzsEMYfHYsUK+JmHV8QtUsdIh\nyohYFMuAdyGaPCCBk8mDM1QW5p01uCsJodvLJjdk5NYGKz+VFvJpUIuxAoGBAOBF\nJ+8Kydiouc//LBLZf+wcCqydJnFR/KcSVA8hIZ5aoGUr1xWyE4rieFATevOCk0Ci\nR+IXMTI6ujeoc5nMNoIq+QRM6o2+zo2tEpwon6SNxhC/knlov+KCwrBNRyjhcpnj\ntkSMgJXjqtwfUGBUGAu0wqLmptf0EYMtF8JUn4l1AoGBAKdM72ADDlsDgPWufJBL\nQ9KRNLpXpN5sKiNHyUNuWoTm+T/vojTk9/ef1Wr+tWJlByh3NM49nN52ykEBL8Ny\nJQOTApt/c+vc6poJXQ18FfZbYeRHYCg6zFkgI4SXwZ5gBW4F/zXzNkcZTHUdgUrk\nmtKaHkGAaPgnH46vEY/HBu0RAoGBANwLPolN/omz0sx/w5CjEt5pDRgcANIC7XBH\njW5ixYeHyAQ8JYbF+GK2nfGDi4lNPomWMA1nT//Gm1tszi/CrGC/JSDRDvoQkr1z\naOUK/sgHyqQ4MtEos8zdG4S77evwd+8B+536dVebz9K2brh1CjrCGo6W3HDaqiwY\nnE0xlm7ZAoGAKcAyPbJvSgvmjf2IcP3yq+MWAa/xbjtJMAI5r++cu5aVERkI9Xmk\n+kdDhIsSN+3c3B+F+WCFConNcddvCiMaZrnDy2yCjDOwlP9AafisssrqhL/ps7Y0\nftViPNq5+Zr6vvMAeGYuwUMhGoWbHkMbvypQ7AyB7QVsykoJK1ALaNg=\n-----END RSA PRIVATE KEY-----\n",
            "public_key_fingerprint_md5": "cd:c1:b5:1f:b8:98:d4:22:de:9e:44:d1:85:48:35:06",
            "public_key_openssh": "ssh-rsa AAAAB3NzaC1yc2EAAAADAQABAAABAQDQlO0dpFMvUuNC9OzPF8w7yiJ1amcG8tisjLQO/94BudjaQZyYWuh4DJfq360FB46tnfemdApADDlJcIuSYfG4WtCpKbx2mb5Xtqo4TXl/b+hnVwOjONAB+NgoF5/zckFTtSn9y2lEG2LCg3066bdjLHmUkX75+MR3CxSB6A7CB8Nojeu9QJ9UKb8F2oNDJ/CnD/vQUzHr0pJU6t4IP7iWU/NXcdoQa61BKjXNZ5eTanwvYqtYzIl7MIvIl7WiWXnrxFkj0/TrT4CUSNimCAvTiUgjuFPwYXQ4iC7CPmmV5il+YguHWuYbGXP3Wjp23L5aSnSwqIhAetA80SUTgJDl\n",
            "public_key_pem": "-----BEGIN PUBLIC KEY-----\nMIIBIjANBgkqhkiG9w0BAQEFAAOCAQ8AMIIBCgKCAQEA0JTtHaRTL1LjQvTszxfM\nO8oidWpnBvLYrIy0Dv/eAbnY2kGcmFroeAyX6t+tBQeOrZ33pnQKQAw5SXCLkmHx\nuFrQqSm8dpm+V7aqOE15f2/oZ1cDozjQAfjYKBef83JBU7Up/ctpRBtiwoN9Oum3\nYyx5lJF++fjEdwsUgegOwgfDaI3rvUCfVCm/BdqDQyfwpw/70FMx69KSVOreCD+4\nllPzV3HaEGutQSo1zWeXk2p8L2KrWMyJezCLyJe1oll568RZI9P060+AlEjYpggL\n04lII7hT8GF0OIguwj5pleYpfmILh1rmGxlz91o6dty+Wkp0sKiIQHrQPNElE4CQ\n5QIDAQAB\n-----END PUBLIC KEY-----\n",
            "rsa_bits": 2048
          },
          "private": "bnVsbA=="
        }
      ]
    }
  ]
}
